
Microsoft Visual Studio Solution File, Format Version 12.00
# Visual Studio 15
VisualStudioVersion = 15.0.28010.2036
MinimumVisualStudioVersion = 10.0.40219.1
Project("{FAE04EC0-301F-11D3-BF4B-00C04F79EFBC}") = "hw", "hw\hw.csproj", "{B0A92FBC-1CA2-4C22-BCD6-393668604CD1}"
EndProject
Global
	GlobalSection(SolutionConfigurationPlatforms) = preSolution
		Debug|Any CPU = Debug|Any CPU
		Release|Any CPU = Release|Any CPU
	EndGlobalSection
	GlobalSection(ProjectConfigurationPlatforms) = postSolution
		{B0A92FBC-1CA2-4C22-BCD6-393668604CD1}.Debug|Any CPU.ActiveCfg = Debug|Any CPU
		{B0A92FBC-1CA2-4C22-BCD6-393668604CD1}.Debug|Any CPU.Build.0 = Debug|Any CPU
		{B0A92FBC-1CA2-4C22-BCD6-393668604CD1}.Release|Any CPU.ActiveCfg = Release|Any CPU
		{B0A92FBC-1CA2-4C22-BCD6-393668604CD1}.Release|Any CPU.Build.0 = Release|Any CPU
	EndGlobalSection
	GlobalSection(SolutionProperties) = preSolution
		HideSolutionNode = FALSE
	EndGlobalSection
	GlobalSection(ExtensibilityGlobals) = postSolution
		SolutionGuid = {8E28F9BA-9B5E-4EC4-B2D3-0C9DEA4F21A5}
	EndGlobalSection
EndGlobal
